
Microsoft Visual Studio Solution File, Format Version 12.00
# Visual Studio 2013
VisualStudioVersion = 12.0.40629.0
MinimumVisualStudioVersion = 10.0.40219.1
Project("{FAE04EC0-301F-11D3-BF4B-00C04F79EFBC}") = "ConsoleTest", "ConsoleTest\ConsoleTest.csproj", "{7F726027-AE37-42B5-B4E8-EE3BB80F2721}"
EndProject
Project("{FAE04EC0-301F-11D3-BF4B-00C04F79EFBC}") = "WcfServiceLibrary", "WcfServiceLibrary\WcfServiceLibrary.csproj", "{DD1E0F1E-7D1F-44C9-9FAC-102C92AE49CE}"
EndProject
Project("{FAE04EC0-301F-11D3-BF4B-00C04F79EFBC}") = "WinService", "WinService\WinService.csproj", "{800CCE34-880F-464F-A622-6D46E8FC265F}"
EndProject
Project("{FAE04EC0-301F-11D3-BF4B-00C04F79EFBC}") = "ConsoleClient", "ConsoleClient\ConsoleClient.csproj", "{720DE0F4-6544-4EB1-BE9F-4E2298DCD6E9}"
EndProject
Project("{FAE04EC0-301F-11D3-BF4B-00C04F79EFBC}") = "WcfContract", "WcfContract\WcfContract.csproj", "{8EB15852-4B71-4EA4-B72B-7D2D7ACB847A}"
EndProject
Global
	GlobalSection(SolutionConfigurationPlatforms) = preSolution
		Debug|Any CPU = Debug|Any CPU
		Release|Any CPU = Release|Any CPU
	EndGlobalSection
	GlobalSection(ProjectConfigurationPlatforms) = postSolution
		{7F726027-AE37-42B5-B4E8-EE3BB80F2721}.Debug|Any CPU.ActiveCfg = Debug|Any CPU
		{7F726027-AE37-42B5-B4E8-EE3BB80F2721}.Debug|Any CPU.Build.0 = Debug|Any CPU
		{7F726027-AE37-42B5-B4E8-EE3BB80F2721}.Release|Any CPU.ActiveCfg = Release|Any CPU
		{7F726027-AE37-42B5-B4E8-EE3BB80F2721}.Release|Any CPU.Build.0 = Release|Any CPU
		{DD1E0F1E-7D1F-44C9-9FAC-102C92AE49CE}.Debug|Any CPU.ActiveCfg = Debug|Any CPU
		{DD1E0F1E-7D1F-44C9-9FAC-102C92AE49CE}.Debug|Any CPU.Build.0 = Debug|Any CPU
		{DD1E0F1E-7D1F-44C9-9FAC-102C92AE49CE}.Release|Any CPU.ActiveCfg = Release|Any CPU
		{DD1E0F1E-7D1F-44C9-9FAC-102C92AE49CE}.Release|Any CPU.Build.0 = Release|Any CPU
		{800CCE34-880F-464F-A622-6D46E8FC265F}.Debug|Any CPU.ActiveCfg = Debug|Any CPU
		{800CCE34-880F-464F-A622-6D46E8FC265F}.Debug|Any CPU.Build.0 = Debug|Any CPU
		{800CCE34-880F-464F-A622-6D46E8FC265F}.Release|Any CPU.ActiveCfg = Release|Any CPU
		{800CCE34-880F-464F-A622-6D46E8FC265F}.Release|Any CPU.Build.0 = Release|Any CPU
		{720DE0F4-6544-4EB1-BE9F-4E2298DCD6E9}.Debug|Any CPU.ActiveCfg = Debug|Any CPU
		{720DE0F4-6544-4EB1-BE9F-4E2298DCD6E9}.Debug|Any CPU.Build.0 = Debug|Any CPU
		{720DE0F4-6544-4EB1-BE9F-4E2298DCD6E9}.Release|Any CPU.ActiveCfg = Release|Any CPU
		{720DE0F4-6544-4EB1-BE9F-4E2298DCD6E9}.Release|Any CPU.Build.0 = Release|Any CPU
		{8EB15852-4B71-4EA4-B72B-7D2D7ACB847A}.Debug|Any CPU.ActiveCfg = Debug|Any CPU
		{8EB15852-4B71-4EA4-B72B-7D2D7ACB847A}.Debug|Any CPU.Build.0 = Debug|Any CPU
		{8EB15852-4B71-4EA4-B72B-7D2D7ACB847A}.Release|Any CPU.ActiveCfg = Release|Any CPU
		{8EB15852-4B71-4EA4-B72B-7D2D7ACB847A}.Release|Any CPU.Build.0 = Release|Any CPU
	EndGlobalSection
	GlobalSection(SolutionProperties) = preSolution
		HideSolutionNode = FALSE
	EndGlobalSection
EndGlobal
